
Microsoft Visual Studio Solution File, Format Version 12.00
# Visual Studio Version 17
VisualStudioVersion = 17.14.36518.9 d17.14
MinimumVisualStudioVersion = 10.0.40219.1
Project("{FAE04EC0-301F-11D3-BF4B-00C04F79EFBC}") = "Prakticiwork", "Prakticiwork\Prakticiwork.csproj", "{FAC2D6A8-7C99-4A7A-83A2-F34092291419}"
EndProject
Project("{FAE04EC0-301F-11D3-BF4B-00C04F79EFBC}") = "Praktikiwork18", "Praktikiwork18\Praktikiwork18.csproj", "{6F734A55-2265-45DB-A0AA-80C81B236EFF}"
EndProject
Project("{FAE04EC0-301F-11D3-BF4B-00C04F79EFBC}") = "Praktikiwork19", "Praktikiwork19\Praktikiwork19.csproj", "{B3377138-0AE5-4E25-98E1-BA8AB74E66C7}"
EndProject
Global
	GlobalSection(SolutionConfigurationPlatforms) = preSolution
		Debug|Any CPU = Debug|Any CPU
		Release|Any CPU = Release|Any CPU
	EndGlobalSection
	GlobalSection(ProjectConfigurationPlatforms) = postSolution
		{FAC2D6A8-7C99-4A7A-83A2-F34092291419}.Debug|Any CPU.ActiveCfg = Debug|Any CPU
		{FAC2D6A8-7C99-4A7A-83A2-F34092291419}.Debug|Any CPU.Build.0 = Debug|Any CPU
		{FAC2D6A8-7C99-4A7A-83A2-F34092291419}.Release|Any CPU.ActiveCfg = Release|Any CPU
		{FAC2D6A8-7C99-4A7A-83A2-F34092291419}.Release|Any CPU.Build.0 = Release|Any CPU
		{6F734A55-2265-45DB-A0AA-80C81B236EFF}.Debug|Any CPU.ActiveCfg = Debug|Any CPU
		{6F734A55-2265-45DB-A0AA-80C81B236EFF}.Debug|Any CPU.Build.0 = Debug|Any CPU
		{6F734A55-2265-45DB-A0AA-80C81B236EFF}.Release|Any CPU.ActiveCfg = Release|Any CPU
		{6F734A55-2265-45DB-A0AA-80C81B236EFF}.Release|Any CPU.Build.0 = Release|Any CPU
		{B3377138-0AE5-4E25-98E1-BA8AB74E66C7}.Debug|Any CPU.ActiveCfg = Debug|Any CPU
		{B3377138-0AE5-4E25-98E1-BA8AB74E66C7}.Debug|Any CPU.Build.0 = Debug|Any CPU
		{B3377138-0AE5-4E25-98E1-BA8AB74E66C7}.Release|Any CPU.ActiveCfg = Release|Any CPU
		{B3377138-0AE5-4E25-98E1-BA8AB74E66C7}.Release|Any CPU.Build.0 = Release|Any CPU
	EndGlobalSection
	GlobalSection(SolutionProperties) = preSolution
		HideSolutionNode = FALSE
	EndGlobalSection
	GlobalSection(ExtensibilityGlobals) = postSolution
		SolutionGuid = {E91E96B0-F725-474E-B08B-9FCF6CAD947A}
	EndGlobalSection
EndGlobal
