
Microsoft Visual Studio Solution File, Format Version 12.00
# Visual Studio Version 17
VisualStudioVersion = 17.14.36518.9
MinimumVisualStudioVersion = 10.0.40219.1
Project("{FAE04EC0-301F-11D3-BF4B-00C04F79EFBC}") = "Prakticiwork", "Prakticiwork\Prakticiwork.csproj", "{FAC2D6A8-7C99-4A7A-83A2-F34092291419}"
EndProject
Project("{FAE04EC0-301F-11D3-BF4B-00C04F79EFBC}") = "Praktikiwork18", "Praktikiwork18\Praktikiwork18.csproj", "{6F734A55-2265-45DB-A0AA-80C81B236EFF}"
EndProject
Project("{FAE04EC0-301F-11D3-BF4B-00C04F79EFBC}") = "Praktikiwork19", "Praktikiwork19\Praktikiwork19.csproj", "{B3377138-0AE5-4E25-98E1-BA8AB74E66C7}"
EndProject
Project("{FAE04EC0-301F-11D3-BF4B-00C04F79EFBC}") = "20-21", "20-21\20-21.csproj", "{BDFA0643-0AA7-4DBB-A0BE-F8D66D176D1B}"
EndProject
Project("{FAE04EC0-301F-11D3-BF4B-00C04F79EFBC}") = "22", "22\22.csproj", "{37B2B442-DC6C-4DC1-B745-8D9693B2B673}"
EndProject
Project("{FAE04EC0-301F-11D3-BF4B-00C04F79EFBC}") = "23", "23\23.csproj", "{38B664F3-5636-466C-9C7D-D31E0389E31F}"
EndProject
Project("{FAE04EC0-301F-11D3-BF4B-00C04F79EFBC}") = "24", "24\24.csproj", "{BBAB6E42-4D94-4849-B115-F001D7853970}"
EndProject
Project("{FAE04EC0-301F-11D3-BF4B-00C04F79EFBC}") = "25", "25\25.csproj", "{9F4B9455-F653-4B32-931C-22C8FB160289}"
EndProject
Project("{FAE04EC0-301F-11D3-BF4B-00C04F79EFBC}") = "26", "26\26.csproj", "{2477CC72-207A-4D97-9635-E550FA146B70}"
EndProject
Project("{FAE04EC0-301F-11D3-BF4B-00C04F79EFBC}") = "27", "27\27.csproj", "{C7688653-A85A-4771-B14D-28FB7A3BB9CE}"
EndProject
Project("{FAE04EC0-301F-11D3-BF4B-00C04F79EFBC}") = "28", "28\28.csproj", "{2D135B34-3514-4830-9D6A-4AF207C7084C}"
EndProject
Project("{FAE04EC0-301F-11D3-BF4B-00C04F79EFBC}") = "29", "29\29.csproj", "{CFB39D03-5DF4-4B60-BA0D-94A9EC360AAD}"
EndProject
Project("{FAE04EC0-301F-11D3-BF4B-00C04F79EFBC}") = "30", "30\30.csproj", "{261CCE82-95AF-4566-8651-B8F5EA1736A0}"
EndProject
Project("{FAE04EC0-301F-11D3-BF4B-00C04F79EFBC}") = "31", "31\31.csproj", "{F9BD1CFA-DF14-41FF-BFBB-23D63059DBBA}"
EndProject
Project("{FAE04EC0-301F-11D3-BF4B-00C04F79EFBC}") = "32", "32\32.csproj", "{68B59DE2-F4BE-4A9C-87A1-6F6B88B0DC9A}"
EndProject
Project("{FAE04EC0-301F-11D3-BF4B-00C04F79EFBC}") = "33", "33\33.csproj", "{242163D4-599E-490D-AED5-8F61DC136597}"
EndProject
Project("{FAE04EC0-301F-11D3-BF4B-00C04F79EFBC}") = "35", "35\35.csproj", "{1D40844A-8222-4955-85BD-7E7891FAE366}"
EndProject
Project("{FAE04EC0-301F-11D3-BF4B-00C04F79EFBC}") = "34", "34\34.csproj", "{FE1A006C-F166-409B-BA88-27ED0DB1CBE2}"
EndProject
Global
	GlobalSection(SolutionConfigurationPlatforms) = preSolution
		Debug|Any CPU = Debug|Any CPU
		Release|Any CPU = Release|Any CPU
	EndGlobalSection
	GlobalSection(ProjectConfigurationPlatforms) = postSolution
		{FAC2D6A8-7C99-4A7A-83A2-F34092291419}.Debug|Any CPU.ActiveCfg = Debug|Any CPU
		{FAC2D6A8-7C99-4A7A-83A2-F34092291419}.Debug|Any CPU.Build.0 = Debug|Any CPU
		{FAC2D6A8-7C99-4A7A-83A2-F34092291419}.Release|Any CPU.ActiveCfg = Release|Any CPU
		{FAC2D6A8-7C99-4A7A-83A2-F34092291419}.Release|Any CPU.Build.0 = Release|Any CPU
		{6F734A55-2265-45DB-A0AA-80C81B236EFF}.Debug|Any CPU.ActiveCfg = Debug|Any CPU
		{6F734A55-2265-45DB-A0AA-80C81B236EFF}.Debug|Any CPU.Build.0 = Debug|Any CPU
		{6F734A55-2265-45DB-A0AA-80C81B236EFF}.Release|Any CPU.ActiveCfg = Release|Any CPU
		{6F734A55-2265-45DB-A0AA-80C81B236EFF}.Release|Any CPU.Build.0 = Release|Any CPU
		{B3377138-0AE5-4E25-98E1-BA8AB74E66C7}.Debug|Any CPU.ActiveCfg = Debug|Any CPU
		{B3377138-0AE5-4E25-98E1-BA8AB74E66C7}.Debug|Any CPU.Build.0 = Debug|Any CPU
		{B3377138-0AE5-4E25-98E1-BA8AB74E66C7}.Release|Any CPU.ActiveCfg = Release|Any CPU
		{B3377138-0AE5-4E25-98E1-BA8AB74E66C7}.Release|Any CPU.Build.0 = Release|Any CPU
		{BDFA0643-0AA7-4DBB-A0BE-F8D66D176D1B}.Debug|Any CPU.ActiveCfg = Debug|Any CPU
		{BDFA0643-0AA7-4DBB-A0BE-F8D66D176D1B}.Debug|Any CPU.Build.0 = Debug|Any CPU
		{BDFA0643-0AA7-4DBB-A0BE-F8D66D176D1B}.Release|Any CPU.ActiveCfg = Release|Any CPU
		{BDFA0643-0AA7-4DBB-A0BE-F8D66D176D1B}.Release|Any CPU.Build.0 = Release|Any CPU
		{37B2B442-DC6C-4DC1-B745-8D9693B2B673}.Debug|Any CPU.ActiveCfg = Debug|Any CPU
		{37B2B442-DC6C-4DC1-B745-8D9693B2B673}.Debug|Any CPU.Build.0 = Debug|Any CPU
		{37B2B442-DC6C-4DC1-B745-8D9693B2B673}.Release|Any CPU.ActiveCfg = Release|Any CPU
		{37B2B442-DC6C-4DC1-B745-8D9693B2B673}.Release|Any CPU.Build.0 = Release|Any CPU
		{38B664F3-5636-466C-9C7D-D31E0389E31F}.Debug|Any CPU.ActiveCfg = Debug|Any CPU
		{38B664F3-5636-466C-9C7D-D31E0389E31F}.Debug|Any CPU.Build.0 = Debug|Any CPU
		{38B664F3-5636-466C-9C7D-D31E0389E31F}.Release|Any CPU.ActiveCfg = Release|Any CPU
		{38B664F3-5636-466C-9C7D-D31E0389E31F}.Release|Any CPU.Build.0 = Release|Any CPU
		{BBAB6E42-4D94-4849-B115-F001D7853970}.Debug|Any CPU.ActiveCfg = Debug|Any CPU
		{BBAB6E42-4D94-4849-B115-F001D7853970}.Debug|Any CPU.Build.0 = Debug|Any CPU
		{BBAB6E42-4D94-4849-B115-F001D7853970}.Release|Any CPU.ActiveCfg = Release|Any CPU
		{BBAB6E42-4D94-4849-B115-F001D7853970}.Release|Any CPU.Build.0 = Release|Any CPU
		{9F4B9455-F653-4B32-931C-22C8FB160289}.Debug|Any CPU.ActiveCfg = Debug|Any CPU
		{9F4B9455-F653-4B32-931C-22C8FB160289}.Debug|Any CPU.Build.0 = Debug|Any CPU
		{9F4B9455-F653-4B32-931C-22C8FB160289}.Release|Any CPU.ActiveCfg = Release|Any CPU
		{9F4B9455-F653-4B32-931C-22C8FB160289}.Release|Any CPU.Build.0 = Release|Any CPU
		{2477CC72-207A-4D97-9635-E550FA146B70}.Debug|Any CPU.ActiveCfg = Debug|Any CPU
		{2477CC72-207A-4D97-9635-E550FA146B70}.Debug|Any CPU.Build.0 = Debug|Any CPU
		{2477CC72-207A-4D97-9635-E550FA146B70}.Release|Any CPU.ActiveCfg = Release|Any CPU
		{2477CC72-207A-4D97-9635-E550FA146B70}.Release|Any CPU.Build.0 = Release|Any CPU
		{C7688653-A85A-4771-B14D-28FB7A3BB9CE}.Debug|Any CPU.ActiveCfg = Debug|Any CPU
		{C7688653-A85A-4771-B14D-28FB7A3BB9CE}.Debug|Any CPU.Build.0 = Debug|Any CPU
		{C7688653-A85A-4771-B14D-28FB7A3BB9CE}.Release|Any CPU.ActiveCfg = Release|Any CPU
		{C7688653-A85A-4771-B14D-28FB7A3BB9CE}.Release|Any CPU.Build.0 = Release|Any CPU
		{2D135B34-3514-4830-9D6A-4AF207C7084C}.Debug|Any CPU.ActiveCfg = Debug|Any CPU
		{2D135B34-3514-4830-9D6A-4AF207C7084C}.Debug|Any CPU.Build.0 = Debug|Any CPU
		{2D135B34-3514-4830-9D6A-4AF207C7084C}.Release|Any CPU.ActiveCfg = Release|Any CPU
		{2D135B34-3514-4830-9D6A-4AF207C7084C}.Release|Any CPU.Build.0 = Release|Any CPU
		{CFB39D03-5DF4-4B60-BA0D-94A9EC360AAD}.Debug|Any CPU.ActiveCfg = Debug|Any CPU
		{CFB39D03-5DF4-4B60-BA0D-94A9EC360AAD}.Debug|Any CPU.Build.0 = Debug|Any CPU
		{CFB39D03-5DF4-4B60-BA0D-94A9EC360AAD}.Release|Any CPU.ActiveCfg = Release|Any CPU
		{CFB39D03-5DF4-4B60-BA0D-94A9EC360AAD}.Release|Any CPU.Build.0 = Release|Any CPU
		{261CCE82-95AF-4566-8651-B8F5EA1736A0}.Debug|Any CPU.ActiveCfg = Debug|Any CPU
		{261CCE82-95AF-4566-8651-B8F5EA1736A0}.Debug|Any CPU.Build.0 = Debug|Any CPU
		{261CCE82-95AF-4566-8651-B8F5EA1736A0}.Release|Any CPU.ActiveCfg = Release|Any CPU
		{261CCE82-95AF-4566-8651-B8F5EA1736A0}.Release|Any CPU.Build.0 = Release|Any CPU
		{F9BD1CFA-DF14-41FF-BFBB-23D63059DBBA}.Debug|Any CPU.ActiveCfg = Debug|Any CPU
		{F9BD1CFA-DF14-41FF-BFBB-23D63059DBBA}.Debug|Any CPU.Build.0 = Debug|Any CPU
		{F9BD1CFA-DF14-41FF-BFBB-23D63059DBBA}.Release|Any CPU.ActiveCfg = Release|Any CPU
		{F9BD1CFA-DF14-41FF-BFBB-23D63059DBBA}.Release|Any CPU.Build.0 = Release|Any CPU
		{68B59DE2-F4BE-4A9C-87A1-6F6B88B0DC9A}.Debug|Any CPU.ActiveCfg = Debug|Any CPU
		{68B59DE2-F4BE-4A9C-87A1-6F6B88B0DC9A}.Debug|Any CPU.Build.0 = Debug|Any CPU
		{68B59DE2-F4BE-4A9C-87A1-6F6B88B0DC9A}.Release|Any CPU.ActiveCfg = Release|Any CPU
		{68B59DE2-F4BE-4A9C-87A1-6F6B88B0DC9A}.Release|Any CPU.Build.0 = Release|Any CPU
		{242163D4-599E-490D-AED5-8F61DC136597}.Debug|Any CPU.ActiveCfg = Debug|Any CPU
		{242163D4-599E-490D-AED5-8F61DC136597}.Debug|Any CPU.Build.0 = Debug|Any CPU
		{242163D4-599E-490D-AED5-8F61DC136597}.Release|Any CPU.ActiveCfg = Release|Any CPU
		{242163D4-599E-490D-AED5-8F61DC136597}.Release|Any CPU.Build.0 = Release|Any CPU
		{1D40844A-8222-4955-85BD-7E7891FAE366}.Debug|Any CPU.ActiveCfg = Debug|Any CPU
		{1D40844A-8222-4955-85BD-7E7891FAE366}.Debug|Any CPU.Build.0 = Debug|Any CPU
		{1D40844A-8222-4955-85BD-7E7891FAE366}.Release|Any CPU.ActiveCfg = Release|Any CPU
		{1D40844A-8222-4955-85BD-7E7891FAE366}.Release|Any CPU.Build.0 = Release|Any CPU
		{FE1A006C-F166-409B-BA88-27ED0DB1CBE2}.Debug|Any CPU.ActiveCfg = Debug|Any CPU
		{FE1A006C-F166-409B-BA88-27ED0DB1CBE2}.Debug|Any CPU.Build.0 = Debug|Any CPU
		{FE1A006C-F166-409B-BA88-27ED0DB1CBE2}.Release|Any CPU.ActiveCfg = Release|Any CPU
		{FE1A006C-F166-409B-BA88-27ED0DB1CBE2}.Release|Any CPU.Build.0 = Release|Any CPU
	EndGlobalSection
	GlobalSection(SolutionProperties) = preSolution
		HideSolutionNode = FALSE
	EndGlobalSection
	GlobalSection(ExtensibilityGlobals) = postSolution
		SolutionGuid = {E91E96B0-F725-474E-B08B-9FCF6CAD947A}
	EndGlobalSection
EndGlobal
